
Microsoft Visual Studio Solution File, Format Version 12.00
# Visual Studio 15
VisualStudioVersion = 15.0.28307.329
MinimumVisualStudioVersion = 10.0.40219.1
Project("{FAE04EC0-301F-11D3-BF4B-00C04F79EFBC}") = "ItemsControlMvvmDemo", "ItemsControlMvvmDemo\ItemsControlMvvmDemo.csproj", "{ACB251D8-9671-457E-8B29-892846D43083}"
EndProject
Global
	GlobalSection(SolutionConfigurationPlatforms) = preSolution
		Debug|ARM = Debug|ARM
		Debug|ARM64 = Debug|ARM64
		Debug|x64 = Debug|x64
		Debug|x86 = Debug|x86
		Release|ARM = Release|ARM
		Release|ARM64 = Release|ARM64
		Release|x64 = Release|x64
		Release|x86 = Release|x86
	EndGlobalSection
	GlobalSection(ProjectConfigurationPlatforms) = postSolution
		{ACB251D8-9671-457E-8B29-892846D43083}.Debug|ARM.ActiveCfg = Debug|ARM
		{ACB251D8-9671-457E-8B29-892846D43083}.Debug|ARM.Build.0 = Debug|ARM
		{ACB251D8-9671-457E-8B29-892846D43083}.Debug|ARM.Deploy.0 = Debug|ARM
		{ACB251D8-9671-457E-8B29-892846D43083}.Debug|ARM64.ActiveCfg = Debug|ARM64
		{ACB251D8-9671-457E-8B29-892846D43083}.Debug|ARM64.Build.0 = Debug|ARM64
		{ACB251D8-9671-457E-8B29-892846D43083}.Debug|ARM64.Deploy.0 = Debug|ARM64
		{ACB251D8-9671-457E-8B29-892846D43083}.Debug|x64.ActiveCfg = Debug|x64
		{ACB251D8-9671-457E-8B29-892846D43083}.Debug|x64.Build.0 = Debug|x64
		{ACB251D8-9671-457E-8B29-892846D43083}.Debug|x64.Deploy.0 = Debug|x64
		{ACB251D8-9671-457E-8B29-892846D43083}.Debug|x86.ActiveCfg = Debug|x86
		{ACB251D8-9671-457E-8B29-892846D43083}.Debug|x86.Build.0 = Debug|x86
		{ACB251D8-9671-457E-8B29-892846D43083}.Debug|x86.Deploy.0 = Debug|x86
		{ACB251D8-9671-457E-8B29-892846D43083}.Release|ARM.ActiveCfg = Release|ARM
		{ACB251D8-9671-457E-8B29-892846D43083}.Release|ARM.Build.0 = Release|ARM
		{ACB251D8-9671-457E-8B29-892846D43083}.Release|ARM.Deploy.0 = Release|ARM
		{ACB251D8-9671-457E-8B29-892846D43083}.Release|ARM64.ActiveCfg = Release|ARM64
		{ACB251D8-9671-457E-8B29-892846D43083}.Release|ARM64.Build.0 = Release|ARM64
		{ACB251D8-9671-457E-8B29-892846D43083}.Release|ARM64.Deploy.0 = Release|ARM64
		{ACB251D8-9671-457E-8B29-892846D43083}.Release|x64.ActiveCfg = Release|x64
		{ACB251D8-9671-457E-8B29-892846D43083}.Release|x64.Build.0 = Release|x64
		{ACB251D8-9671-457E-8B29-892846D43083}.Release|x64.Deploy.0 = Release|x64
		{ACB251D8-9671-457E-8B29-892846D43083}.Release|x86.ActiveCfg = Release|x86
		{ACB251D8-9671-457E-8B29-892846D43083}.Release|x86.Build.0 = Release|x86
		{ACB251D8-9671-457E-8B29-892846D43083}.Release|x86.Deploy.0 = Release|x86
	EndGlobalSection
	GlobalSection(SolutionProperties) = preSolution
		HideSolutionNode = FALSE
	EndGlobalSection
	GlobalSection(ExtensibilityGlobals) = postSolution
		SolutionGuid = {C144CE21-EAB8-409C-ADA1-B3766532C054}
	EndGlobalSection
EndGlobal
