
Microsoft Visual Studio Solution File, Format Version 12.00
# Visual Studio 15
VisualStudioVersion = 15.0.28307.779
MinimumVisualStudioVersion = 10.0.40219.1
Project("{FAE04EC0-301F-11D3-BF4B-00C04F79EFBC}") = "LAB07_UWP_Basics", "LAB07_UWP_Basics\LAB07_UWP_Basics.csproj", "{EE2D4866-7831-4C50-A9CD-4851D057CCD9}"
EndProject
Global
	GlobalSection(SolutionConfigurationPlatforms) = preSolution
		Debug|ARM = Debug|ARM
		Debug|ARM64 = Debug|ARM64
		Debug|x64 = Debug|x64
		Debug|x86 = Debug|x86
		Release|ARM = Release|ARM
		Release|ARM64 = Release|ARM64
		Release|x64 = Release|x64
		Release|x86 = Release|x86
	EndGlobalSection
	GlobalSection(ProjectConfigurationPlatforms) = postSolution
		{EE2D4866-7831-4C50-A9CD-4851D057CCD9}.Debug|ARM.ActiveCfg = Debug|ARM
		{EE2D4866-7831-4C50-A9CD-4851D057CCD9}.Debug|ARM.Build.0 = Debug|ARM
		{EE2D4866-7831-4C50-A9CD-4851D057CCD9}.Debug|ARM.Deploy.0 = Debug|ARM
		{EE2D4866-7831-4C50-A9CD-4851D057CCD9}.Debug|ARM64.ActiveCfg = Debug|ARM64
		{EE2D4866-7831-4C50-A9CD-4851D057CCD9}.Debug|ARM64.Build.0 = Debug|ARM64
		{EE2D4866-7831-4C50-A9CD-4851D057CCD9}.Debug|ARM64.Deploy.0 = Debug|ARM64
		{EE2D4866-7831-4C50-A9CD-4851D057CCD9}.Debug|x64.ActiveCfg = Debug|x64
		{EE2D4866-7831-4C50-A9CD-4851D057CCD9}.Debug|x64.Build.0 = Debug|x64
		{EE2D4866-7831-4C50-A9CD-4851D057CCD9}.Debug|x64.Deploy.0 = Debug|x64
		{EE2D4866-7831-4C50-A9CD-4851D057CCD9}.Debug|x86.ActiveCfg = Debug|x86
		{EE2D4866-7831-4C50-A9CD-4851D057CCD9}.Debug|x86.Build.0 = Debug|x86
		{EE2D4866-7831-4C50-A9CD-4851D057CCD9}.Debug|x86.Deploy.0 = Debug|x86
		{EE2D4866-7831-4C50-A9CD-4851D057CCD9}.Release|ARM.ActiveCfg = Release|ARM
		{EE2D4866-7831-4C50-A9CD-4851D057CCD9}.Release|ARM.Build.0 = Release|ARM
		{EE2D4866-7831-4C50-A9CD-4851D057CCD9}.Release|ARM.Deploy.0 = Release|ARM
		{EE2D4866-7831-4C50-A9CD-4851D057CCD9}.Release|ARM64.ActiveCfg = Release|ARM64
		{EE2D4866-7831-4C50-A9CD-4851D057CCD9}.Release|ARM64.Build.0 = Release|ARM64
		{EE2D4866-7831-4C50-A9CD-4851D057CCD9}.Release|ARM64.Deploy.0 = Release|ARM64
		{EE2D4866-7831-4C50-A9CD-4851D057CCD9}.Release|x64.ActiveCfg = Release|x64
		{EE2D4866-7831-4C50-A9CD-4851D057CCD9}.Release|x64.Build.0 = Release|x64
		{EE2D4866-7831-4C50-A9CD-4851D057CCD9}.Release|x64.Deploy.0 = Release|x64
		{EE2D4866-7831-4C50-A9CD-4851D057CCD9}.Release|x86.ActiveCfg = Release|x86
		{EE2D4866-7831-4C50-A9CD-4851D057CCD9}.Release|x86.Build.0 = Release|x86
		{EE2D4866-7831-4C50-A9CD-4851D057CCD9}.Release|x86.Deploy.0 = Release|x86
	EndGlobalSection
	GlobalSection(SolutionProperties) = preSolution
		HideSolutionNode = FALSE
	EndGlobalSection
	GlobalSection(ExtensibilityGlobals) = postSolution
		SolutionGuid = {769E3599-9617-441C-8135-D8C91D7A9277}
	EndGlobalSection
EndGlobal
